
Microsoft Visual Studio Solution File, Format Version 12.00
# Visual Studio Version 17
VisualStudioVersion = 17.13.35825.156 d17.13
MinimumVisualStudioVersion = 10.0.40219.1
Project("{FAE04EC0-301F-11D3-BF4B-00C04F79EFBC}") = "MagicVilla_VillaAPI", "MagicVilla_VillaAPI\MagicVilla_VillaAPI.csproj", "{00924EF7-D3EF-46A2-829B-7400634ADF70}"
EndProject
Global
	GlobalSection(SolutionConfigurationPlatforms) = preSolution
		Debug|Any CPU = Debug|Any CPU
		Release|Any CPU = Release|Any CPU
	EndGlobalSection
	GlobalSection(ProjectConfigurationPlatforms) = postSolution
		{00924EF7-D3EF-46A2-829B-7400634ADF70}.Debug|Any CPU.ActiveCfg = Debug|Any CPU
		{00924EF7-D3EF-46A2-829B-7400634ADF70}.Debug|Any CPU.Build.0 = Debug|Any CPU
		{00924EF7-D3EF-46A2-829B-7400634ADF70}.Release|Any CPU.ActiveCfg = Release|Any CPU
		{00924EF7-D3EF-46A2-829B-7400634ADF70}.Release|Any CPU.Build.0 = Release|Any CPU
	EndGlobalSection
	GlobalSection(SolutionProperties) = preSolution
		HideSolutionNode = FALSE
	EndGlobalSection
	GlobalSection(ExtensibilityGlobals) = postSolution
		SolutionGuid = {53E7E784-7792-43D5-9449-CBC147E6481E}
	EndGlobalSection
EndGlobal
